{
  "name": "lifa-monorepo-tooling",
  "lockfileVersion": 3,
  "requires": true,
  "packages": {
    "": {
      "name": "lifa-monorepo-tooling",
      "devDependencies": {
        "@redocly/cli": "2.59.0"
      }
    },
    "node_modules/@redocly/cli": {
      "version": "2.59.0",
      "resolved": "https://registry.npmjs.org/@redocly/cli/-/cli-2.59.0.tgz",
      "integrity": "sha512-eHdpcIqPzeof36ibjOBYSTb9dkWNa5F/Ql8xr2ArdiFYHjB0y/DX6G6PMVVjhyiggU3MNf4CnoLqFf0DVbTJ+w==",
      "dev": true,
      "license": "MIT",
      "bin": {
        "openapi": "bin/cli.js",
        "redocly": "bin/cli.js"
      },
      "engines": {
        "node": ">=22.12.0 || >=20.19.0 <21.0.0",
        "npm": ">=10"
      }
    }
  }
}
